// !$*UTF8*$!
{
	archiveVersion = 1;
	classes = {
	};
	objectVersion = 70;
	objects = {

/* Begin PBXBuildFile section */
		4E5BF5E62D049DC300F26B1D /* FirstToneLessonView.swift in Sources */ = {isa = PBXBuildFile; fileRef = 4E5BF5E52D049DBD00F26B1D /* FirstToneLessonView.swift */; };
		4E5BF5E82D049DE000F26B1D /* SecondToneLessonView.swift in Sources */ = {isa = PBXBuildFile; fileRef = 4E5BF5E72D049DDA00F26B1D /* SecondToneLessonView.swift */; };
		4E5BF5EA2D049E1600F26B1D /* ThirdToneLessonView.swift in Sources */ = {isa = PBXBuildFile; fileRef = 4E5BF5E92D049E1100F26B1D /* ThirdToneLessonView.swift */; };
		4E5BF5EC2D049E2800F26B1D /* FourthToneLessonView.swift in Sources */ = {isa = PBXBuildFile; fileRef = 4E5BF5EB2D049E2000F26B1D /* FourthToneLessonView.swift */; };
		4EB514DA2D0AC47000F3E833 /* Module2Lesson1View.swift in Sources */ = {isa = PBXBuildFile; fileRef = 4EB514D92D0AC46700F3E833 /* Module2Lesson1View.swift */; };
		4EB514DC2D0AC6CF00F3E833 /* Module2Lesson2View.swift in Sources */ = {isa = PBXBuildFile; fileRef = 4EB514DB2D0AC6CD00F3E833 /* Module2Lesson2View.swift */; };
		4EB514DE2D0AC73400F3E833 /* Module2Lesson3View.swift in Sources */ = {isa = PBXBuildFile; fileRef = 4EB514DD2D0AC72E00F3E833 /* Module2Lesson3View.swift */; };
		4EB514E12D0AC7FF00F3E833 /* Module3Lesson1View.swift in Sources */ = {isa = PBXBuildFile; fileRef = 4EB514E02D0AC7FA00F3E833 /* Module3Lesson1View.swift */; };
		4EB514E32D0AC80F00F3E833 /* Module3Lesson2View.swift in Sources */ = {isa = PBXBuildFile; fileRef = 4EB514E22D0AC80B00F3E833 /* Module3Lesson2View.swift */; };
		4EB514E52D0AC81B00F3E833 /* Module3Lesson3View.swift in Sources */ = {isa = PBXBuildFile; fileRef = 4EB514E42D0AC81600F3E833 /* Module3Lesson3View.swift */; };
		4EB514E72D0ACAFA00F3E833 /* CafeLessonListView.swift in Sources */ = {isa = PBXBuildFile; fileRef = 4EB514E62D0ACAF500F3E833 /* CafeLessonListView.swift */; };
		4EB514ED2D0ACD4100F3E833 /* Module4Lesson3View.swift in Sources */ = {isa = PBXBuildFile; fileRef = 4EB514EC2D0ACD3E00F3E833 /* Module4Lesson3View.swift */; };
		4EB514EF2D0ACD4800F3E833 /* Module4Lesson2View.swift in Sources */ = {isa = PBXBuildFile; fileRef = 4EB514EE2D0ACD4400F3E833 /* Module4Lesson2View.swift */; };
		4EB514F12D0ACD4F00F3E833 /* Module4Lesson1View.swift in Sources */ = {isa = PBXBuildFile; fileRef = 4EB514F02D0ACD4B00F3E833 /* Module4Lesson1View.swift */; };
		4EB514F32D0ACD6E00F3E833 /* Module5Lesson3View.swift in Sources */ = {isa = PBXBuildFile; fileRef = 4EB514F22D0ACD6B00F3E833 /* Module5Lesson3View.swift */; };
		4EB514F52D0ACD7A00F3E833 /* Module5Lesson2View.swift in Sources */ = {isa = PBXBuildFile; fileRef = 4EB514F42D0ACD7100F3E833 /* Module5Lesson2View.swift */; };
		4EB514F72D0ACD8000F3E833 /* Module5Lesson1View.swift in Sources */ = {isa = PBXBuildFile; fileRef = 4EB514F62D0ACD7C00F3E833 /* Module5Lesson1View.swift */; };
		4EB514F92D0ACD8D00F3E833 /* BeachLessonList.swift in Sources */ = {isa = PBXBuildFile; fileRef = 4EB514F82D0ACD8900F3E833 /* BeachLessonList.swift */; };
		4EB514FB2D0ACD9600F3E833 /* CampingLessonList.swift in Sources */ = {isa = PBXBuildFile; fileRef = 4EB514FA2D0ACD9000F3E833 /* CampingLessonList.swift */; };
		4EB874BC2D077F030002D0DA /* AirportLessonListView.swift in Sources */ = {isa = PBXBuildFile; fileRef = 4EB874BB2D077EFB0002D0DA /* AirportLessonListView.swift */; };
		4EBFD0122CFCF61700856425 /* LessonContentView.swift in Sources */ = {isa = PBXBuildFile; fileRef = 4EBFD0112CFCF61000856425 /* LessonContentView.swift */; };
		5D5BC88E2D05315300B4A5F3 /* BadgeDetailView.swift in Sources */ = {isa = PBXBuildFile; fileRef = 5D5BC8882D05315300B4A5F3 /* BadgeDetailView.swift */; };
		5D5BC88F2D05315300B4A5F3 /* MainTabView.swift in Sources */ = {isa = PBXBuildFile; fileRef = 5D5BC88B2D05315300B4A5F3 /* MainTabView.swift */; };
		5D5BC8902D05315300B4A5F3 /* ModulePathView.swift in Sources */ = {isa = PBXBuildFile; fileRef = 5D5BC88C2D05315300B4A5F3 /* ModulePathView.swift */; };
		5D5BC8912D05315300B4A5F3 /* BadgesPage.swift in Sources */ = {isa = PBXBuildFile; fileRef = 5D5BC88A2D05315300B4A5F3 /* BadgesPage.swift */; };
		5D5BC8922D05315300B4A5F3 /* ProfilePage.swift in Sources */ = {isa = PBXBuildFile; fileRef = 5D5BC88D2D05315300B4A5F3 /* ProfilePage.swift */; };
		5D5BC8932D05315300B4A5F3 /* BadgeListView.swift in Sources */ = {isa = PBXBuildFile; fileRef = 5D5BC8892D05315300B4A5F3 /* BadgeListView.swift */; };
		5D5BC8952D05333D00B4A5F3 /* ProgressPageView.swift in Sources */ = {isa = PBXBuildFile; fileRef = 5D5BC8942D05333D00B4A5F3 /* ProgressPageView.swift */; };
		5D5BC8972D073CFD00B4A5F3 /* HideTabBarViewModifier.swift in Sources */ = {isa = PBXBuildFile; fileRef = 5D5BC8962D073CF100B4A5F3 /* HideTabBarViewModifier.swift */; };
		5D5BC8D92D0AE18200B4A5F3 /* ThemedLessonListView.swift in Sources */ = {isa = PBXBuildFile; fileRef = 5D5BC8D82D0AE17300B4A5F3 /* ThemedLessonListView.swift */; };
		5D600CFB2CD036A50068F75F /* RibbitApp.swift in Sources */ = {isa = PBXBuildFile; fileRef = 5D600CFA2CD036A50068F75F /* RibbitApp.swift */; };
		5D600CFD2CD036A50068F75F /* ContentView.swift in Sources */ = {isa = PBXBuildFile; fileRef = 5D600CFC2CD036A50068F75F /* ContentView.swift */; };
		5D600CFF2CD036A70068F75F /* Assets.xcassets in Resources */ = {isa = PBXBuildFile; fileRef = 5D600CFE2CD036A70068F75F /* Assets.xcassets */; };
		5D600D022CD036A70068F75F /* Preview Assets.xcassets in Resources */ = {isa = PBXBuildFile; fileRef = 5D600D012CD036A70068F75F /* Preview Assets.xcassets */; };
		5D600D0C2CD036A80068F75F /* RibbitTests.swift in Sources */ = {isa = PBXBuildFile; fileRef = 5D600D0B2CD036A80068F75F /* RibbitTests.swift */; };
		5D600D162CD036A80068F75F /* RibbitUITests.swift in Sources */ = {isa = PBXBuildFile; fileRef = 5D600D152CD036A80068F75F /* RibbitUITests.swift */; };
		5D600D182CD036A80068F75F /* RibbitUITestsLaunchTests.swift in Sources */ = {isa = PBXBuildFile; fileRef = 5D600D172CD036A80068F75F /* RibbitUITestsLaunchTests.swift */; };
		5DFEAE252CDC68DC005DDACC /* LessonView.swift in Sources */ = {isa = PBXBuildFile; fileRef = 5DFEAE202CDC68DC005DDACC /* LessonView.swift */; };
		5DFEAE5F2CDD2BCB005DDACC /* tone1.mp3 in Resources */ = {isa = PBXBuildFile; fileRef = 5DFEAE5E2CDD2BCB005DDACC /* tone1.mp3 */; };
		5DFEAE612CDD3DAA005DDACC /* tone2.mp3 in Resources */ = {isa = PBXBuildFile; fileRef = 5DFEAE602CDD3DAA005DDACC /* tone2.mp3 */; };
		5DFEAE632CDD3DC0005DDACC /* tone3.mp3 in Resources */ = {isa = PBXBuildFile; fileRef = 5DFEAE622CDD3DC0005DDACC /* tone3.mp3 */; };
		5DFEAE652CDD3DDD005DDACC /* tone4.mp3 in Resources */ = {isa = PBXBuildFile; fileRef = 5DFEAE642CDD3DDD005DDACC /* tone4.mp3 */; };
		A735400C2CD6993D00EAE9FA /* PinyinViewP3.swift in Sources */ = {isa = PBXBuildFile; fileRef = A735400B2CD6993D00EAE9FA /* PinyinViewP3.swift */; };
		A735400E2CD69D4000EAE9FA /* PinyinTable.swift in Sources */ = {isa = PBXBuildFile; fileRef = A735400D2CD69D4000EAE9FA /* PinyinTable.swift */; };
		A73540102CD6A4B400EAE9FA /* PinyinViewP4.swift in Sources */ = {isa = PBXBuildFile; fileRef = A735400F2CD6A4B400EAE9FA /* PinyinViewP4.swift */; };
		A73540122CD6A4C100EAE9FA /* PinyinViewP5.swift in Sources */ = {isa = PBXBuildFile; fileRef = A73540112CD6A4C100EAE9FA /* PinyinViewP5.swift */; };
		A73540142CD6A4CD00EAE9FA /* PinyinViewP6.swift in Sources */ = {isa = PBXBuildFile; fileRef = A73540132CD6A4CD00EAE9FA /* PinyinViewP6.swift */; };
		A735401A2CD6AB8600EAE9FA /* ContinueButton.swift in Sources */ = {isa = PBXBuildFile; fileRef = A73540192CD6AB8600EAE9FA /* ContinueButton.swift */; };
		A735406D2CD91AF900EAE9FA /* ToneCards.swift in Sources */ = {isa = PBXBuildFile; fileRef = A735406C2CD91AF900EAE9FA /* ToneCards.swift */; };
		A76F46A32CD03B9E00182ABE /* User.swift in Sources */ = {isa = PBXBuildFile; fileRef = A76F46A22CD03B9E00182ABE /* User.swift */; };
		A76F46A72CD03DD300182ABE /* FirebaseFirestore in Frameworks */ = {isa = PBXBuildFile; productRef = A76F46A62CD03DD300182ABE /* FirebaseFirestore */; };
		A76F46A92CD03DD700182ABE /* FirebaseCore in Frameworks */ = {isa = PBXBuildFile; productRef = A76F46A82CD03DD700182ABE /* FirebaseCore */; };
		A76F46AB2CD0408C00182ABE /* Module.swift in Sources */ = {isa = PBXBuildFile; fileRef = A76F46AA2CD0408C00182ABE /* Module.swift */; };
		A76F46AD2CD040B200182ABE /* Badge.swift in Sources */ = {isa = PBXBuildFile; fileRef = A76F46AC2CD040B200182ABE /* Badge.swift */; };
		A76F46B02CD1C9D800182ABE /* LessonListView.swift in Sources */ = {isa = PBXBuildFile; fileRef = A76F46AF2CD1C9D800182ABE /* LessonListView.swift */; };
		A76F46B32CD1D75900182ABE /* PinyinViewP1.swift in Sources */ = {isa = PBXBuildFile; fileRef = A76F46B22CD1D75900182ABE /* PinyinViewP1.swift */; };
		A76F46B52CD1DCF300182ABE /* PinyinViewP2.swift in Sources */ = {isa = PBXBuildFile; fileRef = A76F46B42CD1DCF300182ABE /* PinyinViewP2.swift */; };
		A76F46BA2CD3240A00182ABE /* ProgressBarBackButton.swift in Sources */ = {isa = PBXBuildFile; fileRef = A76F46B92CD3240A00182ABE /* ProgressBarBackButton.swift */; };
		A77BB4FE2CD97BDB0060E5C3 /* ColorHex.swift in Sources */ = {isa = PBXBuildFile; fileRef = A77BB4FD2CD97BDB0060E5C3 /* ColorHex.swift */; };
		A77BB5002CD9EA0C0060E5C3 /* LessonRow.swift in Sources */ = {isa = PBXBuildFile; fileRef = A77BB4FF2CD9EA0C0060E5C3 /* LessonRow.swift */; };
		A77BB5022CDABC300060E5C3 /* ReviewComplete.swift in Sources */ = {isa = PBXBuildFile; fileRef = A77BB5012CDABC300060E5C3 /* ReviewComplete.swift */; };
		A77BB5042CDB21310060E5C3 /* AudioPlayer.swift in Sources */ = {isa = PBXBuildFile; fileRef = A77BB5032CDB21310060E5C3 /* AudioPlayer.swift */; };
		A77BB50F2CDBDE3A0060E5C3 /* HomeScreenP1.swift in Sources */ = {isa = PBXBuildFile; fileRef = A77BB50E2CDBDE3A0060E5C3 /* HomeScreenP1.swift */; };
		CB4A37D32CD3559800D44467 /* UserViewModel.swift in Sources */ = {isa = PBXBuildFile; fileRef = CB4A37D22CD3559800D44467 /* UserViewModel.swift */; };
		CB4A37D82CD5EACB00D44467 /* GoogleService-Info.plist in Resources */ = {isa = PBXBuildFile; fileRef = CB4A37D42CD5D9F400D44467 /* GoogleService-Info.plist */; };
		CB4A37DE2CD66DC600D44467 /* GoogleService-Info.plist in Resources */ = {isa = PBXBuildFile; fileRef = CB4A37D42CD5D9F400D44467 /* GoogleService-Info.plist */; };
		CB72A4702CDC3D6100644FB9 /* FirebaseStorage in Frameworks */ = {isa = PBXBuildFile; productRef = CB72A46F2CDC3D6100644FB9 /* FirebaseStorage */; };
		CB72A4E12CDD5A6600644FB9 /* populateDatabase.swift in Sources */ = {isa = PBXBuildFile; fileRef = CB72A4E02CDD5A5F00644FB9 /* populateDatabase.swift */; };
		CB93FC4B2CDC1FAD00377C95 /* ModuleViewModel.swift in Sources */ = {isa = PBXBuildFile; fileRef = CB93FC4A2CDC1FA600377C95 /* ModuleViewModel.swift */; };
		CB93FC4D2CDC1FCF00377C95 /* LessonViewModel.swift in Sources */ = {isa = PBXBuildFile; fileRef = CB93FC4C2CDC1FC600377C95 /* LessonViewModel.swift */; };
		CB93FC512CDC20B400377C95 /* WordViewModel.swift in Sources */ = {isa = PBXBuildFile; fileRef = CB93FC502CDC20AF00377C95 /* WordViewModel.swift */; };
		CB93FC642CDC22B400377C95 /* AudioStatus.swift in Sources */ = {isa = PBXBuildFile; fileRef = CB93FC632CDC22B000377C95 /* AudioStatus.swift */; };
		CBC79A1D2D043F5300CCA57D /* ProfileHeaderSection.swift in Sources */ = {isa = PBXBuildFile; fileRef = CBC79A1C2D043F5300CCA57D /* ProfileHeaderSection.swift */; };
		CBC79A1F2D043F7400CCA57D /* BackButton.swift in Sources */ = {isa = PBXBuildFile; fileRef = CBC79A1E2D043F7400CCA57D /* BackButton.swift */; };
		CBEFAD9D2D040E300015051C /* BadgeViewModel.swift in Sources */ = {isa = PBXBuildFile; fileRef = CBEFAD9C2D040E300015051C /* BadgeViewModel.swift */; };
/* End PBXBuildFile section */

/* Begin PBXContainerItemProxy section */
		5D600D082CD036A80068F75F /* PBXContainerItemProxy */ = {
			isa = PBXContainerItemProxy;
			containerPortal = 5D600CEF2CD036A50068F75F /* Project object */;
			proxyType = 1;
			remoteGlobalIDString = 5D600CF62CD036A50068F75F;
			remoteInfo = Ribbit;
		};
		5D600D122CD036A80068F75F /* PBXContainerItemProxy */ = {
			isa = PBXContainerItemProxy;
			containerPortal = 5D600CEF2CD036A50068F75F /* Project object */;
			proxyType = 1;
			remoteGlobalIDString = 5D600CF62CD036A50068F75F;
			remoteInfo = Ribbit;
		};
/* End PBXContainerItemProxy section */

/* Begin PBXFileReference section */
		4E5BF5E52D049DBD00F26B1D /* FirstToneLessonView.swift */ = {isa = PBXFileReference; lastKnownFileType = sourcecode.swift; path = FirstToneLessonView.swift; sourceTree = "<group>"; };
		4E5BF5E72D049DDA00F26B1D /* SecondToneLessonView.swift */ = {isa = PBXFileReference; lastKnownFileType = sourcecode.swift; path = SecondToneLessonView.swift; sourceTree = "<group>"; };
		4E5BF5E92D049E1100F26B1D /* ThirdToneLessonView.swift */ = {isa = PBXFileReference; lastKnownFileType = sourcecode.swift; path = ThirdToneLessonView.swift; sourceTree = "<group>"; };
		4E5BF5EB2D049E2000F26B1D /* FourthToneLessonView.swift */ = {isa = PBXFileReference; lastKnownFileType = sourcecode.swift; path = FourthToneLessonView.swift; sourceTree = "<group>"; };
		4EB514D92D0AC46700F3E833 /* Module2Lesson1View.swift */ = {isa = PBXFileReference; lastKnownFileType = sourcecode.swift; path = Module2Lesson1View.swift; sourceTree = "<group>"; };
		4EB514DB2D0AC6CD00F3E833 /* Module2Lesson2View.swift */ = {isa = PBXFileReference; lastKnownFileType = sourcecode.swift; path = Module2Lesson2View.swift; sourceTree = "<group>"; };
		4EB514DD2D0AC72E00F3E833 /* Module2Lesson3View.swift */ = {isa = PBXFileReference; lastKnownFileType = sourcecode.swift; path = Module2Lesson3View.swift; sourceTree = "<group>"; };
		4EB514E02D0AC7FA00F3E833 /* Module3Lesson1View.swift */ = {isa = PBXFileReference; lastKnownFileType = sourcecode.swift; path = Module3Lesson1View.swift; sourceTree = "<group>"; };
		4EB514E22D0AC80B00F3E833 /* Module3Lesson2View.swift */ = {isa = PBXFileReference; lastKnownFileType = sourcecode.swift; path = Module3Lesson2View.swift; sourceTree = "<group>"; };
		4EB514E42D0AC81600F3E833 /* Module3Lesson3View.swift */ = {isa = PBXFileReference; lastKnownFileType = sourcecode.swift; path = Module3Lesson3View.swift; sourceTree = "<group>"; };
		4EB514E62D0ACAF500F3E833 /* CafeLessonListView.swift */ = {isa = PBXFileReference; lastKnownFileType = sourcecode.swift; path = CafeLessonListView.swift; sourceTree = "<group>"; };
		4EB514EC2D0ACD3E00F3E833 /* Module4Lesson3View.swift */ = {isa = PBXFileReference; lastKnownFileType = sourcecode.swift; path = Module4Lesson3View.swift; sourceTree = "<group>"; };
		4EB514EE2D0ACD4400F3E833 /* Module4Lesson2View.swift */ = {isa = PBXFileReference; lastKnownFileType = sourcecode.swift; path = Module4Lesson2View.swift; sourceTree = "<group>"; };
		4EB514F02D0ACD4B00F3E833 /* Module4Lesson1View.swift */ = {isa = PBXFileReference; lastKnownFileType = sourcecode.swift; path = Module4Lesson1View.swift; sourceTree = "<group>"; };
		4EB514F22D0ACD6B00F3E833 /* Module5Lesson3View.swift */ = {isa = PBXFileReference; lastKnownFileType = sourcecode.swift; path = Module5Lesson3View.swift; sourceTree = "<group>"; };
		4EB514F42D0ACD7100F3E833 /* Module5Lesson2View.swift */ = {isa = PBXFileReference; lastKnownFileType = sourcecode.swift; path = Module5Lesson2View.swift; sourceTree = "<group>"; };
		4EB514F62D0ACD7C00F3E833 /* Module5Lesson1View.swift */ = {isa = PBXFileReference; lastKnownFileType = sourcecode.swift; path = Module5Lesson1View.swift; sourceTree = "<group>"; };
		4EB514F82D0ACD8900F3E833 /* BeachLessonList.swift */ = {isa = PBXFileReference; lastKnownFileType = sourcecode.swift; path = BeachLessonList.swift; sourceTree = "<group>"; };
		4EB514FA2D0ACD9000F3E833 /* CampingLessonList.swift */ = {isa = PBXFileReference; lastKnownFileType = sourcecode.swift; path = CampingLessonList.swift; sourceTree = "<group>"; };
		4EB874BB2D077EFB0002D0DA /* AirportLessonListView.swift */ = {isa = PBXFileReference; lastKnownFileType = sourcecode.swift; path = AirportLessonListView.swift; sourceTree = "<group>"; };
		4EBFD0112CFCF61000856425 /* LessonContentView.swift */ = {isa = PBXFileReference; lastKnownFileType = sourcecode.swift; path = LessonContentView.swift; sourceTree = "<group>"; };
		5D5BC8882D05315300B4A5F3 /* BadgeDetailView.swift */ = {isa = PBXFileReference; lastKnownFileType = sourcecode.swift; path = BadgeDetailView.swift; sourceTree = "<group>"; };
		5D5BC8892D05315300B4A5F3 /* BadgeListView.swift */ = {isa = PBXFileReference; lastKnownFileType = sourcecode.swift; path = BadgeListView.swift; sourceTree = "<group>"; };
		5D5BC88A2D05315300B4A5F3 /* BadgesPage.swift */ = {isa = PBXFileReference; lastKnownFileType = sourcecode.swift; path = BadgesPage.swift; sourceTree = "<group>"; };
		5D5BC88B2D05315300B4A5F3 /* MainTabView.swift */ = {isa = PBXFileReference; lastKnownFileType = sourcecode.swift; path = MainTabView.swift; sourceTree = "<group>"; };
		5D5BC88C2D05315300B4A5F3 /* ModulePathView.swift */ = {isa = PBXFileReference; lastKnownFileType = sourcecode.swift; path = ModulePathView.swift; sourceTree = "<group>"; };
		5D5BC88D2D05315300B4A5F3 /* ProfilePage.swift */ = {isa = PBXFileReference; lastKnownFileType = sourcecode.swift; path = ProfilePage.swift; sourceTree = "<group>"; };
		5D5BC8942D05333D00B4A5F3 /* ProgressPageView.swift */ = {isa = PBXFileReference; lastKnownFileType = sourcecode.swift; path = ProgressPageView.swift; sourceTree = "<group>"; };
		5D5BC8962D073CF100B4A5F3 /* HideTabBarViewModifier.swift */ = {isa = PBXFileReference; lastKnownFileType = sourcecode.swift; path = HideTabBarViewModifier.swift; sourceTree = "<group>"; };
		5D5BC8D82D0AE17300B4A5F3 /* ThemedLessonListView.swift */ = {isa = PBXFileReference; lastKnownFileType = sourcecode.swift; path = ThemedLessonListView.swift; sourceTree = "<group>"; };
		5D600CF72CD036A50068F75F /* Ribbit.app */ = {isa = PBXFileReference; explicitFileType = wrapper.application; includeInIndex = 0; path = Ribbit.app; sourceTree = BUILT_PRODUCTS_DIR; };
		5D600CFA2CD036A50068F75F /* RibbitApp.swift */ = {isa = PBXFileReference; lastKnownFileType = sourcecode.swift; path = RibbitApp.swift; sourceTree = "<group>"; };
		5D600CFC2CD036A50068F75F /* ContentView.swift */ = {isa = PBXFileReference; lastKnownFileType = sourcecode.swift; path = ContentView.swift; sourceTree = "<group>"; };
		5D600CFE2CD036A70068F75F /* Assets.xcassets */ = {isa = PBXFileReference; lastKnownFileType = folder.assetcatalog; path = Assets.xcassets; sourceTree = "<group>"; };
		5D600D012CD036A70068F75F /* Preview Assets.xcassets */ = {isa = PBXFileReference; lastKnownFileType = folder.assetcatalog; path = "Preview Assets.xcassets"; sourceTree = "<group>"; };
		5D600D072CD036A80068F75F /* RibbitTests.xctest */ = {isa = PBXFileReference; explicitFileType = wrapper.cfbundle; includeInIndex = 0; path = RibbitTests.xctest; sourceTree = BUILT_PRODUCTS_DIR; };
		5D600D0B2CD036A80068F75F /* RibbitTests.swift */ = {isa = PBXFileReference; lastKnownFileType = sourcecode.swift; path = RibbitTests.swift; sourceTree = "<group>"; };
		5D600D112CD036A80068F75F /* RibbitUITests.xctest */ = {isa = PBXFileReference; explicitFileType = wrapper.cfbundle; includeInIndex = 0; path = RibbitUITests.xctest; sourceTree = BUILT_PRODUCTS_DIR; };
		5D600D152CD036A80068F75F /* RibbitUITests.swift */ = {isa = PBXFileReference; lastKnownFileType = sourcecode.swift; path = RibbitUITests.swift; sourceTree = "<group>"; };
		5D600D172CD036A80068F75F /* RibbitUITestsLaunchTests.swift */ = {isa = PBXFileReference; lastKnownFileType = sourcecode.swift; path = RibbitUITestsLaunchTests.swift; sourceTree = "<group>"; };
		5DFEAE202CDC68DC005DDACC /* LessonView.swift */ = {isa = PBXFileReference; lastKnownFileType = sourcecode.swift; path = LessonView.swift; sourceTree = "<group>"; };
		5DFEAE5E2CDD2BCB005DDACC /* tone1.mp3 */ = {isa = PBXFileReference; lastKnownFileType = audio.mp3; name = tone1.mp3; path = Ribbit/Assets.xcassets/tone1.dataset/tone1.mp3; sourceTree = "<group>"; };
		5DFEAE602CDD3DAA005DDACC /* tone2.mp3 */ = {isa = PBXFileReference; lastKnownFileType = audio.mp3; name = tone2.mp3; path = Ribbit/Assets.xcassets/tone2.dataset/tone2.mp3; sourceTree = "<group>"; };
		5DFEAE622CDD3DC0005DDACC /* tone3.mp3 */ = {isa = PBXFileReference; lastKnownFileType = audio.mp3; name = tone3.mp3; path = Ribbit/Assets.xcassets/tone3.dataset/tone3.mp3; sourceTree = "<group>"; };
		5DFEAE642CDD3DDD005DDACC /* tone4.mp3 */ = {isa = PBXFileReference; lastKnownFileType = audio.mp3; name = tone4.mp3; path = Ribbit/Assets.xcassets/tone4.dataset/tone4.mp3; sourceTree = "<group>"; };
		A735400B2CD6993D00EAE9FA /* PinyinViewP3.swift */ = {isa = PBXFileReference; lastKnownFileType = sourcecode.swift; path = PinyinViewP3.swift; sourceTree = "<group>"; };
		A735400D2CD69D4000EAE9FA /* PinyinTable.swift */ = {isa = PBXFileReference; lastKnownFileType = sourcecode.swift; path = PinyinTable.swift; sourceTree = "<group>"; };
		A735400F2CD6A4B400EAE9FA /* PinyinViewP4.swift */ = {isa = PBXFileReference; lastKnownFileType = sourcecode.swift; path = PinyinViewP4.swift; sourceTree = "<group>"; };
		A73540112CD6A4C100EAE9FA /* PinyinViewP5.swift */ = {isa = PBXFileReference; lastKnownFileType = sourcecode.swift; path = PinyinViewP5.swift; sourceTree = "<group>"; };
		A73540132CD6A4CD00EAE9FA /* PinyinViewP6.swift */ = {isa = PBXFileReference; lastKnownFileType = sourcecode.swift; path = PinyinViewP6.swift; sourceTree = "<group>"; };
		A73540192CD6AB8600EAE9FA /* ContinueButton.swift */ = {isa = PBXFileReference; lastKnownFileType = sourcecode.swift; path = ContinueButton.swift; sourceTree = "<group>"; };
		A735406C2CD91AF900EAE9FA /* ToneCards.swift */ = {isa = PBXFileReference; lastKnownFileType = sourcecode.swift; path = ToneCards.swift; sourceTree = "<group>"; };
		A76F46A22CD03B9E00182ABE /* User.swift */ = {isa = PBXFileReference; lastKnownFileType = sourcecode.swift; path = User.swift; sourceTree = "<group>"; };
		A76F46AA2CD0408C00182ABE /* Module.swift */ = {isa = PBXFileReference; lastKnownFileType = sourcecode.swift; path = Module.swift; sourceTree = "<group>"; };
		A76F46AC2CD040B200182ABE /* Badge.swift */ = {isa = PBXFileReference; lastKnownFileType = sourcecode.swift; path = Badge.swift; sourceTree = "<group>"; };
		A76F46AF2CD1C9D800182ABE /* LessonListView.swift */ = {isa = PBXFileReference; lastKnownFileType = sourcecode.swift; path = LessonListView.swift; sourceTree = "<group>"; };
		A76F46B22CD1D75900182ABE /* PinyinViewP1.swift */ = {isa = PBXFileReference; lastKnownFileType = sourcecode.swift; path = PinyinViewP1.swift; sourceTree = "<group>"; };
		A76F46B42CD1DCF300182ABE /* PinyinViewP2.swift */ = {isa = PBXFileReference; lastKnownFileType = sourcecode.swift; path = PinyinViewP2.swift; sourceTree = "<group>"; };
		A76F46B92CD3240A00182ABE /* ProgressBarBackButton.swift */ = {isa = PBXFileReference; lastKnownFileType = sourcecode.swift; path = ProgressBarBackButton.swift; sourceTree = "<group>"; };
		A77BB4FD2CD97BDB0060E5C3 /* ColorHex.swift */ = {isa = PBXFileReference; lastKnownFileType = sourcecode.swift; path = ColorHex.swift; sourceTree = "<group>"; };
		A77BB4FF2CD9EA0C0060E5C3 /* LessonRow.swift */ = {isa = PBXFileReference; lastKnownFileType = sourcecode.swift; path = LessonRow.swift; sourceTree = "<group>"; };
		A77BB5012CDABC300060E5C3 /* ReviewComplete.swift */ = {isa = PBXFileReference; lastKnownFileType = sourcecode.swift; path = ReviewComplete.swift; sourceTree = "<group>"; };
		A77BB5032CDB21310060E5C3 /* AudioPlayer.swift */ = {isa = PBXFileReference; lastKnownFileType = sourcecode.swift; path = AudioPlayer.swift; sourceTree = "<group>"; };
		A77BB50E2CDBDE3A0060E5C3 /* HomeScreenP1.swift */ = {isa = PBXFileReference; lastKnownFileType = sourcecode.swift; path = HomeScreenP1.swift; sourceTree = "<group>"; };
		CB4A37D22CD3559800D44467 /* UserViewModel.swift */ = {isa = PBXFileReference; lastKnownFileType = sourcecode.swift; path = UserViewModel.swift; sourceTree = "<group>"; };
		CB4A37D42CD5D9F400D44467 /* GoogleService-Info.plist */ = {isa = PBXFileReference; lastKnownFileType = text.plist.xml; path = "GoogleService-Info.plist"; sourceTree = "<group>"; };
		CB72A4E02CDD5A5F00644FB9 /* populateDatabase.swift */ = {isa = PBXFileReference; lastKnownFileType = sourcecode.swift; path = populateDatabase.swift; sourceTree = "<group>"; };
		CB93FC4A2CDC1FA600377C95 /* ModuleViewModel.swift */ = {isa = PBXFileReference; lastKnownFileType = sourcecode.swift; path = ModuleViewModel.swift; sourceTree = "<group>"; };
		CB93FC4C2CDC1FC600377C95 /* LessonViewModel.swift */ = {isa = PBXFileReference; lastKnownFileType = sourcecode.swift; path = LessonViewModel.swift; sourceTree = "<group>"; };
		CB93FC502CDC20AF00377C95 /* WordViewModel.swift */ = {isa = PBXFileReference; lastKnownFileType = sourcecode.swift; path = WordViewModel.swift; sourceTree = "<group>"; };
		CB93FC632CDC22B000377C95 /* AudioStatus.swift */ = {isa = PBXFileReference; lastKnownFileType = sourcecode.swift; path = AudioStatus.swift; sourceTree = "<group>"; };
		CBC79A1C2D043F5300CCA57D /* ProfileHeaderSection.swift */ = {isa = PBXFileReference; lastKnownFileType = sourcecode.swift; path = ProfileHeaderSection.swift; sourceTree = "<group>"; };
		CBC79A1E2D043F7400CCA57D /* BackButton.swift */ = {isa = PBXFileReference; lastKnownFileType = sourcecode.swift; path = BackButton.swift; sourceTree = "<group>"; };
		CBEFAD9A2D040DD10015051C /* ProfilePage.swift */ = {isa = PBXFileReference; lastKnownFileType = sourcecode.swift; path = ProfilePage.swift; sourceTree = "<group>"; };
		CBEFAD9C2D040E300015051C /* BadgeViewModel.swift */ = {isa = PBXFileReference; lastKnownFileType = sourcecode.swift; path = BadgeViewModel.swift; sourceTree = "<group>"; };
		CBEFAD9E2D040ED70015051C /* BadgesPage.swift */ = {isa = PBXFileReference; lastKnownFileType = sourcecode.swift; path = BadgesPage.swift; sourceTree = "<group>"; };
		CBEFADA42D040F2D0015051C /* BadgeDetailView.swift */ = {isa = PBXFileReference; lastKnownFileType = sourcecode.swift; path = BadgeDetailView.swift; sourceTree = "<group>"; };
		CBEFADA62D041DC20015051C /* MainTabView.swift */ = {isa = PBXFileReference; lastKnownFileType = sourcecode.swift; path = MainTabView.swift; sourceTree = "<group>"; };
		CBEFADAA2D041DE70015051C /* ProgressPageView.swift */ = {isa = PBXFileReference; lastKnownFileType = sourcecode.swift; path = ProgressPageView.swift; sourceTree = "<group>"; };
/* End PBXFileReference section */

/* Begin PBXFileSystemSynchronizedRootGroup section */
		CB4A37BE2CD1F91C00D44467 /* Services */ = {isa = PBXFileSystemSynchronizedRootGroup; explicitFileTypes = {}; explicitFolders = (); path = Services; sourceTree = "<group>"; };
		CB4A37CA2CD1FAC300D44467 /* ViewModelsTests */ = {isa = PBXFileSystemSynchronizedRootGroup; explicitFileTypes = {}; explicitFolders = (); path = ViewModelsTests; sourceTree = "<group>"; };
		CB93FC522CDC211E00377C95 /* LessonDetail */ = {isa = PBXFileSystemSynchronizedRootGroup; explicitFileTypes = {}; explicitFolders = (); path = LessonDetail; sourceTree = "<group>"; };
		CB93FC5F2CDC224900377C95 /* ViewControllers */ = {isa = PBXFileSystemSynchronizedRootGroup; explicitFileTypes = {}; explicitFolders = (); path = ViewControllers; sourceTree = "<group>"; };
/* End PBXFileSystemSynchronizedRootGroup section */

/* Begin PBXFrameworksBuildPhase section */
		5D600CF42CD036A50068F75F /* Frameworks */ = {
			isa = PBXFrameworksBuildPhase;
			buildActionMask = 2147483647;
			files = (
				A76F46A92CD03DD700182ABE /* FirebaseCore in Frameworks */,
				A76F46A72CD03DD300182ABE /* FirebaseFirestore in Frameworks */,
				CB72A4702CDC3D6100644FB9 /* FirebaseStorage in Frameworks */,
			);
			runOnlyForDeploymentPostprocessing = 0;
		};
		5D600D042CD036A80068F75F /* Frameworks */ = {
			isa = PBXFrameworksBuildPhase;
			buildActionMask = 2147483647;
			files = (
			);
			runOnlyForDeploymentPostprocessing = 0;
		};
		5D600D0E2CD036A80068F75F /* Frameworks */ = {
			isa = PBXFrameworksBuildPhase;
			buildActionMask = 2147483647;
			files = (
			);
			runOnlyForDeploymentPostprocessing = 0;
		};
/* End PBXFrameworksBuildPhase section */

/* Begin PBXGroup section */
		4E5BF5E42D049DAF00F26B1D /* ModuleOne */ = {
			isa = PBXGroup;
			children = (
				4E5BF5EB2D049E2000F26B1D /* FourthToneLessonView.swift */,
				4E5BF5E92D049E1100F26B1D /* ThirdToneLessonView.swift */,
				4E5BF5E72D049DDA00F26B1D /* SecondToneLessonView.swift */,
				4E5BF5E52D049DBD00F26B1D /* FirstToneLessonView.swift */,
				A76F46B12CD1D6E000182ABE /* Basics */,
			);
			path = ModuleOne;
			sourceTree = "<group>";
		};
		4EB514D82D0AC45B00F3E833 /* ModuleTwo */ = {
			isa = PBXGroup;
			children = (
				4EB514DD2D0AC72E00F3E833 /* Module2Lesson3View.swift */,
				4EB514DB2D0AC6CD00F3E833 /* Module2Lesson2View.swift */,
				4EB514D92D0AC46700F3E833 /* Module2Lesson1View.swift */,
				4EB874BB2D077EFB0002D0DA /* AirportLessonListView.swift */,
			);
			path = ModuleTwo;
			sourceTree = "<group>";
		};
		4EB514DF2D0AC7EB00F3E833 /* ModuleThree */ = {
			isa = PBXGroup;
			children = (
				4EB514E62D0ACAF500F3E833 /* CafeLessonListView.swift */,
				4EB514E42D0AC81600F3E833 /* Module3Lesson3View.swift */,
				4EB514E22D0AC80B00F3E833 /* Module3Lesson2View.swift */,
				4EB514E02D0AC7FA00F3E833 /* Module3Lesson1View.swift */,
			);
			path = ModuleThree;
			sourceTree = "<group>";
		};
		4EB514EA2D0ACD1400F3E833 /* ModuleFour */ = {
			isa = PBXGroup;
			children = (
				4EB514F82D0ACD8900F3E833 /* BeachLessonList.swift */,
				4EB514F02D0ACD4B00F3E833 /* Module4Lesson1View.swift */,
				4EB514EE2D0ACD4400F3E833 /* Module4Lesson2View.swift */,
				4EB514EC2D0ACD3E00F3E833 /* Module4Lesson3View.swift */,
			);
			path = ModuleFour;
			sourceTree = "<group>";
		};
		4EB514EB2D0ACD1F00F3E833 /* ModuleFive */ = {
			isa = PBXGroup;
			children = (
				4EB514FA2D0ACD9000F3E833 /* CampingLessonList.swift */,
				4EB514F62D0ACD7C00F3E833 /* Module5Lesson1View.swift */,
				4EB514F42D0ACD7100F3E833 /* Module5Lesson2View.swift */,
				4EB514F22D0ACD6B00F3E833 /* Module5Lesson3View.swift */,
			);
			path = ModuleFive;
			sourceTree = "<group>";
		};
		5D5BC8692D05312A00B4A5F3 /* Recovered References */ = {
			isa = PBXGroup;
			children = (
				CBEFAD9E2D040ED70015051C /* BadgesPage.swift */,
				CBEFADA62D041DC20015051C /* MainTabView.swift */,
				CBEFADAA2D041DE70015051C /* ProgressPageView.swift */,
				CBEFADA42D040F2D0015051C /* BadgeDetailView.swift */,
				CBEFAD9A2D040DD10015051C /* ProfilePage.swift */,
			);
			name = "Recovered References";
			sourceTree = "<group>";
		};
		5D600CEE2CD036A50068F75F = {
			isa = PBXGroup;
			children = (
				5DFEAE642CDD3DDD005DDACC /* tone4.mp3 */,
				5DFEAE622CDD3DC0005DDACC /* tone3.mp3 */,
				5DFEAE602CDD3DAA005DDACC /* tone2.mp3 */,
				5DFEAE5E2CDD2BCB005DDACC /* tone1.mp3 */,
				5D600CF92CD036A50068F75F /* Ribbit */,
				5D600D0A2CD036A80068F75F /* RibbitTests */,
				5D600D142CD036A80068F75F /* RibbitUITests */,
				5D600CF82CD036A50068F75F /* Products */,
				A76F46A52CD03DD300182ABE /* Frameworks */,
				CB4A37D42CD5D9F400D44467 /* GoogleService-Info.plist */,
				5D5BC8692D05312A00B4A5F3 /* Recovered References */,
			);
			sourceTree = "<group>";
		};
		5D600CF82CD036A50068F75F /* Products */ = {
			isa = PBXGroup;
			children = (
				5D600CF72CD036A50068F75F /* Ribbit.app */,
				5D600D072CD036A80068F75F /* RibbitTests.xctest */,
				5D600D112CD036A80068F75F /* RibbitUITests.xctest */,
			);
			name = Products;
			sourceTree = "<group>";
		};
		5D600CF92CD036A50068F75F /* Ribbit */ = {
			isa = PBXGroup;
			children = (
				CB72A4E02CDD5A5F00644FB9 /* populateDatabase.swift */,
				CB4A37BE2CD1F91C00D44467 /* Services */,
				A76F46A12CD03B6000182ABE /* ViewModels */,
				CB93FC5F2CDC224900377C95 /* ViewControllers */,
				A76F46A02CD03B5600182ABE /* Views */,
				A76F469E2CD03B3D00182ABE /* Models */,
				5D600CFA2CD036A50068F75F /* RibbitApp.swift */,
				5D600CFC2CD036A50068F75F /* ContentView.swift */,
				5D600CFE2CD036A70068F75F /* Assets.xcassets */,
				5D600D002CD036A70068F75F /* Preview Content */,
			);
			path = Ribbit;
			sourceTree = "<group>";
		};
		5D600D002CD036A70068F75F /* Preview Content */ = {
			isa = PBXGroup;
			children = (
				5D600D012CD036A70068F75F /* Preview Assets.xcassets */,
			);
			path = "Preview Content";
			sourceTree = "<group>";
		};
		5D600D0A2CD036A80068F75F /* RibbitTests */ = {
			isa = PBXGroup;
			children = (
				CB4A37CA2CD1FAC300D44467 /* ViewModelsTests */,
				5D600D0B2CD036A80068F75F /* RibbitTests.swift */,
			);
			path = RibbitTests;
			sourceTree = "<group>";
		};
		5D600D142CD036A80068F75F /* RibbitUITests */ = {
			isa = PBXGroup;
			children = (
				5D600D152CD036A80068F75F /* RibbitUITests.swift */,
				5D600D172CD036A80068F75F /* RibbitUITestsLaunchTests.swift */,
			);
			path = RibbitUITests;
			sourceTree = "<group>";
		};
		A76F469E2CD03B3D00182ABE /* Models */ = {
			isa = PBXGroup;
			children = (
				CB93FC632CDC22B000377C95 /* AudioStatus.swift */,
				A76F46A22CD03B9E00182ABE /* User.swift */,
				A76F46AA2CD0408C00182ABE /* Module.swift */,
				A76F46AC2CD040B200182ABE /* Badge.swift */,
			);
			path = Models;
			sourceTree = "<group>";
		};
		A76F46A02CD03B5600182ABE /* Views */ = {
			isa = PBXGroup;
			children = (
				4EB874BB2D077EFB0002D0DA /* AirportLessonListView.swift */,
				5D5BC8D82D0AE17300B4A5F3 /* ThemedLessonListView.swift */,
				4EB514EB2D0ACD1F00F3E833 /* ModuleFive */,
				4EB514EA2D0ACD1400F3E833 /* ModuleFour */,
				4EB514DF2D0AC7EB00F3E833 /* ModuleThree */,
				4EB514D82D0AC45B00F3E833 /* ModuleTwo */,
				5D5BC8942D05333D00B4A5F3 /* ProgressPageView.swift */,
				5D5BC8882D05315300B4A5F3 /* BadgeDetailView.swift */,
				5D5BC8892D05315300B4A5F3 /* BadgeListView.swift */,
				5D5BC88A2D05315300B4A5F3 /* BadgesPage.swift */,
				5D5BC88B2D05315300B4A5F3 /* MainTabView.swift */,
				5D5BC88C2D05315300B4A5F3 /* ModulePathView.swift */,
				5D5BC88D2D05315300B4A5F3 /* ProfilePage.swift */,
				4E5BF5E42D049DAF00F26B1D /* ModuleOne */,
				4EBFD0112CFCF61000856425 /* LessonContentView.swift */,
				5DFEAE202CDC68DC005DDACC /* LessonView.swift */,
				CB93FC522CDC211E00377C95 /* LessonDetail */,
				A76F46B62CD3230E00182ABE /* Partials */,
				A76F46AF2CD1C9D800182ABE /* LessonListView.swift */,
				A77BB4FF2CD9EA0C0060E5C3 /* LessonRow.swift */,
				A77BB5012CDABC300060E5C3 /* ReviewComplete.swift */,
				A77BB50E2CDBDE3A0060E5C3 /* HomeScreenP1.swift */,
			);
			path = Views;
			sourceTree = "<group>";
		};
		A76F46A12CD03B6000182ABE /* ViewModels */ = {
			isa = PBXGroup;
			children = (
				CB93FC502CDC20AF00377C95 /* WordViewModel.swift */,
				CB93FC4C2CDC1FC600377C95 /* LessonViewModel.swift */,
				CB93FC4A2CDC1FA600377C95 /* ModuleViewModel.swift */,
				CB4A37D22CD3559800D44467 /* UserViewModel.swift */,
				CBEFAD9C2D040E300015051C /* BadgeViewModel.swift */,
			);
			path = ViewModels;
			sourceTree = "<group>";
		};
		A76F46A52CD03DD300182ABE /* Frameworks */ = {
			isa = PBXGroup;
			children = (
			);
			name = Frameworks;
			sourceTree = "<group>";
		};
		A76F46B12CD1D6E000182ABE /* Basics */ = {
			isa = PBXGroup;
			children = (
				A76F46B22CD1D75900182ABE /* PinyinViewP1.swift */,
				A76F46B42CD1DCF300182ABE /* PinyinViewP2.swift */,
				A735400B2CD6993D00EAE9FA /* PinyinViewP3.swift */,
				A735400F2CD6A4B400EAE9FA /* PinyinViewP4.swift */,
				A73540112CD6A4C100EAE9FA /* PinyinViewP5.swift */,
				A73540132CD6A4CD00EAE9FA /* PinyinViewP6.swift */,
			);
			path = Basics;
			sourceTree = "<group>";
		};
		A76F46B62CD3230E00182ABE /* Partials */ = {
			isa = PBXGroup;
			children = (
				5D5BC8962D073CF100B4A5F3 /* HideTabBarViewModifier.swift */,
				A76F46B92CD3240A00182ABE /* ProgressBarBackButton.swift */,
				A735400D2CD69D4000EAE9FA /* PinyinTable.swift */,
				A73540192CD6AB8600EAE9FA /* ContinueButton.swift */,
				A735406C2CD91AF900EAE9FA /* ToneCards.swift */,
				A77BB4FD2CD97BDB0060E5C3 /* ColorHex.swift */,
				A77BB5032CDB21310060E5C3 /* AudioPlayer.swift */,
				CBC79A1C2D043F5300CCA57D /* ProfileHeaderSection.swift */,
				CBC79A1E2D043F7400CCA57D /* BackButton.swift */,
			);
			path = Partials;
			sourceTree = "<group>";
		};
/* End PBXGroup section */

/* Begin PBXNativeTarget section */
		5D600CF62CD036A50068F75F /* Ribbit */ = {
			isa = PBXNativeTarget;
			buildConfigurationList = 5D600D1B2CD036A80068F75F /* Build configuration list for PBXNativeTarget "Ribbit" */;
			buildPhases = (
				5D600CF32CD036A50068F75F /* Sources */,
				5D600CF42CD036A50068F75F /* Frameworks */,
				5D600CF52CD036A50068F75F /* Resources */,
			);
			buildRules = (
			);
			dependencies = (
			);
			fileSystemSynchronizedGroups = (
				CB4A37BE2CD1F91C00D44467 /* Services */,
				CB93FC522CDC211E00377C95 /* LessonDetail */,
				CB93FC5F2CDC224900377C95 /* ViewControllers */,
			);
			name = Ribbit;
			packageProductDependencies = (
				A76F46A62CD03DD300182ABE /* FirebaseFirestore */,
				A76F46A82CD03DD700182ABE /* FirebaseCore */,
				CB72A46F2CDC3D6100644FB9 /* FirebaseStorage */,
			);
			productName = Ribbit;
			productReference = 5D600CF72CD036A50068F75F /* Ribbit.app */;
			productType = "com.apple.product-type.application";
		};
		5D600D062CD036A80068F75F /* RibbitTests */ = {
			isa = PBXNativeTarget;
			buildConfigurationList = 5D600D1E2CD036A80068F75F /* Build configuration list for PBXNativeTarget "RibbitTests" */;
			buildPhases = (
				5D600D032CD036A80068F75F /* Sources */,
				5D600D042CD036A80068F75F /* Frameworks */,
				5D600D052CD036A80068F75F /* Resources */,
			);
			buildRules = (
			);
			dependencies = (
				5D600D092CD036A80068F75F /* PBXTargetDependency */,
			);
			fileSystemSynchronizedGroups = (
				CB4A37CA2CD1FAC300D44467 /* ViewModelsTests */,
			);
			name = RibbitTests;
			productName = RibbitTests;
			productReference = 5D600D072CD036A80068F75F /* RibbitTests.xctest */;
			productType = "com.apple.product-type.bundle.unit-test";
		};
		5D600D102CD036A80068F75F /* RibbitUITests */ = {
			isa = PBXNativeTarget;
			buildConfigurationList = 5D600D212CD036A80068F75F /* Build configuration list for PBXNativeTarget "RibbitUITests" */;
			buildPhases = (
				5D600D0D2CD036A80068F75F /* Sources */,
				5D600D0E2CD036A80068F75F /* Frameworks */,
				5D600D0F2CD036A80068F75F /* Resources */,
			);
			buildRules = (
			);
			dependencies = (
				5D600D132CD036A80068F75F /* PBXTargetDependency */,
			);
			name = RibbitUITests;
			productName = RibbitUITests;
			productReference = 5D600D112CD036A80068F75F /* RibbitUITests.xctest */;
			productType = "com.apple.product-type.bundle.ui-testing";
		};
/* End PBXNativeTarget section */

/* Begin PBXProject section */
		5D600CEF2CD036A50068F75F /* Project object */ = {
			isa = PBXProject;
			attributes = {
				BuildIndependentTargetsInParallel = 1;
				LastSwiftUpdateCheck = 1520;
				LastUpgradeCheck = 1520;
				TargetAttributes = {
					5D600CF62CD036A50068F75F = {
						CreatedOnToolsVersion = 15.2;
					};
					5D600D062CD036A80068F75F = {
						CreatedOnToolsVersion = 15.2;
						TestTargetID = 5D600CF62CD036A50068F75F;
					};
					5D600D102CD036A80068F75F = {
						CreatedOnToolsVersion = 15.2;
						TestTargetID = 5D600CF62CD036A50068F75F;
					};
				};
			};
			buildConfigurationList = 5D600CF22CD036A50068F75F /* Build configuration list for PBXProject "Ribbit" */;
			compatibilityVersion = "Xcode 14.0";
			developmentRegion = en;
			hasScannedForEncodings = 0;
			knownRegions = (
				en,
				Base,
			);
			mainGroup = 5D600CEE2CD036A50068F75F;
			packageReferences = (
				A76F46A42CD03DB400182ABE /* XCRemoteSwiftPackageReference "firebase-ios-sdk" */,
			);
			productRefGroup = 5D600CF82CD036A50068F75F /* Products */;
			projectDirPath = "";
			projectRoot = "";
			targets = (
				5D600CF62CD036A50068F75F /* Ribbit */,
				5D600D062CD036A80068F75F /* RibbitTests */,
				5D600D102CD036A80068F75F /* RibbitUITests */,
			);
		};
/* End PBXProject section */

/* Begin PBXResourcesBuildPhase section */
		5D600CF52CD036A50068F75F /* Resources */ = {
			isa = PBXResourcesBuildPhase;
			buildActionMask = 2147483647;
			files = (
				5DFEAE652CDD3DDD005DDACC /* tone4.mp3 in Resources */,
				5DFEAE632CDD3DC0005DDACC /* tone3.mp3 in Resources */,
				5DFEAE612CDD3DAA005DDACC /* tone2.mp3 in Resources */,
				5DFEAE5F2CDD2BCB005DDACC /* tone1.mp3 in Resources */,
				5D600D022CD036A70068F75F /* Preview Assets.xcassets in Resources */,
				5D600CFF2CD036A70068F75F /* Assets.xcassets in Resources */,
				CB4A37D82CD5EACB00D44467 /* GoogleService-Info.plist in Resources */,
			);
			runOnlyForDeploymentPostprocessing = 0;
		};
		5D600D052CD036A80068F75F /* Resources */ = {
			isa = PBXResourcesBuildPhase;
			buildActionMask = 2147483647;
			files = (
				CB4A37DE2CD66DC600D44467 /* GoogleService-Info.plist in Resources */,
			);
			runOnlyForDeploymentPostprocessing = 0;
		};
		5D600D0F2CD036A80068F75F /* Resources */ = {
			isa = PBXResourcesBuildPhase;
			buildActionMask = 2147483647;
			files = (
			);
			runOnlyForDeploymentPostprocessing = 0;
		};
/* End PBXResourcesBuildPhase section */

/* Begin PBXSourcesBuildPhase section */
		5D600CF32CD036A50068F75F /* Sources */ = {
			isa = PBXSourcesBuildPhase;
			buildActionMask = 2147483647;
			files = (
				CB93FC512CDC20B400377C95 /* WordViewModel.swift in Sources */,
				A735401A2CD6AB8600EAE9FA /* ContinueButton.swift in Sources */,
				CBEFAD9D2D040E300015051C /* BadgeViewModel.swift in Sources */,
				CBC79A1D2D043F5300CCA57D /* ProfileHeaderSection.swift in Sources */,
				4EB514F32D0ACD6E00F3E833 /* Module5Lesson3View.swift in Sources */,
				A77BB4FE2CD97BDB0060E5C3 /* ColorHex.swift in Sources */,
				4EB514DC2D0AC6CF00F3E833 /* Module2Lesson2View.swift in Sources */,
				5D600CFD2CD036A50068F75F /* ContentView.swift in Sources */,
				5D5BC8952D05333D00B4A5F3 /* ProgressPageView.swift in Sources */,
				A76F46B52CD1DCF300182ABE /* PinyinViewP2.swift in Sources */,
				4EB514E32D0AC80F00F3E833 /* Module3Lesson2View.swift in Sources */,
				A77BB5022CDABC300060E5C3 /* ReviewComplete.swift in Sources */,
				A77BB5042CDB21310060E5C3 /* AudioPlayer.swift in Sources */,
				4EB514F72D0ACD8000F3E833 /* Module5Lesson1View.swift in Sources */,
				4EB514E72D0ACAFA00F3E833 /* CafeLessonListView.swift in Sources */,
				4EB514DA2D0AC47000F3E833 /* Module2Lesson1View.swift in Sources */,
				4EB514E12D0AC7FF00F3E833 /* Module3Lesson1View.swift in Sources */,
				4EB514EF2D0ACD4800F3E833 /* Module4Lesson2View.swift in Sources */,
				4E5BF5EC2D049E2800F26B1D /* FourthToneLessonView.swift in Sources */,
				4EB874BC2D077F030002D0DA /* AirportLessonListView.swift in Sources */,
				A76F46AD2CD040B200182ABE /* Badge.swift in Sources */,
				5D5BC8D92D0AE18200B4A5F3 /* ThemedLessonListView.swift in Sources */,
				4E5BF5EA2D049E1600F26B1D /* ThirdToneLessonView.swift in Sources */,
				4EBFD0122CFCF61700856425 /* LessonContentView.swift in Sources */,
				4E5BF5E62D049DC300F26B1D /* FirstToneLessonView.swift in Sources */,
				CB93FC642CDC22B400377C95 /* AudioStatus.swift in Sources */,
				5D5BC88E2D05315300B4A5F3 /* BadgeDetailView.swift in Sources */,
				4EB514F12D0ACD4F00F3E833 /* Module4Lesson1View.swift in Sources */,
				5D5BC88F2D05315300B4A5F3 /* MainTabView.swift in Sources */,
				4EB514F92D0ACD8D00F3E833 /* BeachLessonList.swift in Sources */,
				5D5BC8902D05315300B4A5F3 /* ModulePathView.swift in Sources */,
				5D5BC8912D05315300B4A5F3 /* BadgesPage.swift in Sources */,
				5D5BC8922D05315300B4A5F3 /* ProfilePage.swift in Sources */,
				5D5BC8932D05315300B4A5F3 /* BadgeListView.swift in Sources */,
				5D5BC8972D073CFD00B4A5F3 /* HideTabBarViewModifier.swift in Sources */,
				CB4A37D32CD3559800D44467 /* UserViewModel.swift in Sources */,
				4EB514DE2D0AC73400F3E833 /* Module2Lesson3View.swift in Sources */,
				A73540102CD6A4B400EAE9FA /* PinyinViewP4.swift in Sources */,
				A76F46AB2CD0408C00182ABE /* Module.swift in Sources */,
				CB93FC4D2CDC1FCF00377C95 /* LessonViewModel.swift in Sources */,
				5D600CFB2CD036A50068F75F /* RibbitApp.swift in Sources */,
				A77BB5002CD9EA0C0060E5C3 /* LessonRow.swift in Sources */,
				4EB514E52D0AC81B00F3E833 /* Module3Lesson3View.swift in Sources */,
				A77BB50F2CDBDE3A0060E5C3 /* HomeScreenP1.swift in Sources */,
				4E5BF5E82D049DE000F26B1D /* SecondToneLessonView.swift in Sources */,
				A735400E2CD69D4000EAE9FA /* PinyinTable.swift in Sources */,
				A73540142CD6A4CD00EAE9FA /* PinyinViewP6.swift in Sources */,
				CB72A4E12CDD5A6600644FB9 /* populateDatabase.swift in Sources */,
				A76F46B32CD1D75900182ABE /* PinyinViewP1.swift in Sources */,
				A73540122CD6A4C100EAE9FA /* PinyinViewP5.swift in Sources */,
				A735400C2CD6993D00EAE9FA /* PinyinViewP3.swift in Sources */,
				A735406D2CD91AF900EAE9FA /* ToneCards.swift in Sources */,
				A76F46B02CD1C9D800182ABE /* LessonListView.swift in Sources */,
				4EB514ED2D0ACD4100F3E833 /* Module4Lesson3View.swift in Sources */,
				4EB514FB2D0ACD9600F3E833 /* CampingLessonList.swift in Sources */,
				A76F46A32CD03B9E00182ABE /* User.swift in Sources */,
				CBC79A1F2D043F7400CCA57D /* BackButton.swift in Sources */,
				5DFEAE252CDC68DC005DDACC /* LessonView.swift in Sources */,
				CB93FC4B2CDC1FAD00377C95 /* ModuleViewModel.swift in Sources */,
				A76F46BA2CD3240A00182ABE /* ProgressBarBackButton.swift in Sources */,
				4EB514F52D0ACD7A00F3E833 /* Module5Lesson2View.swift in Sources */,
			);
			runOnlyForDeploymentPostprocessing = 0;
		};
		5D600D032CD036A80068F75F /* Sources */ = {
			isa = PBXSourcesBuildPhase;
			buildActionMask = 2147483647;
			files = (
				5D600D0C2CD036A80068F75F /* RibbitTests.swift in Sources */,
			);
			runOnlyForDeploymentPostprocessing = 0;
		};
		5D600D0D2CD036A80068F75F /* Sources */ = {
			isa = PBXSourcesBuildPhase;
			buildActionMask = 2147483647;
			files = (
				5D600D182CD036A80068F75F /* RibbitUITestsLaunchTests.swift in Sources */,
				5D600D162CD036A80068F75F /* RibbitUITests.swift in Sources */,
			);
			runOnlyForDeploymentPostprocessing = 0;
		};
/* End PBXSourcesBuildPhase section */

/* Begin PBXTargetDependency section */
		5D600D092CD036A80068F75F /* PBXTargetDependency */ = {
			isa = PBXTargetDependency;
			target = 5D600CF62CD036A50068F75F /* Ribbit */;
			targetProxy = 5D600D082CD036A80068F75F /* PBXContainerItemProxy */;
		};
		5D600D132CD036A80068F75F /* PBXTargetDependency */ = {
			isa = PBXTargetDependency;
			target = 5D600CF62CD036A50068F75F /* Ribbit */;
			targetProxy = 5D600D122CD036A80068F75F /* PBXContainerItemProxy */;
		};
/* End PBXTargetDependency section */

/* Begin XCBuildConfiguration section */
		5D600D192CD036A80068F75F /* Debug */ = {
			isa = XCBuildConfiguration;
			buildSettings = {
				ALWAYS_SEARCH_USER_PATHS = NO;
				ASSETCATALOG_COMPILER_GENERATE_SWIFT_ASSET_SYMBOL_EXTENSIONS = YES;
				CLANG_ANALYZER_NONNULL = YES;
				CLANG_ANALYZER_NUMBER_OBJECT_CONVERSION = YES_AGGRESSIVE;
				CLANG_CXX_LANGUAGE_STANDARD = "gnu++20";
				CLANG_ENABLE_MODULES = YES;
				CLANG_ENABLE_OBJC_ARC = YES;
				CLANG_ENABLE_OBJC_WEAK = YES;
				CLANG_WARN_BLOCK_CAPTURE_AUTORELEASING = YES;
				CLANG_WARN_BOOL_CONVERSION = YES;
				CLANG_WARN_COMMA = YES;
				CLANG_WARN_CONSTANT_CONVERSION = YES;
				CLANG_WARN_DEPRECATED_OBJC_IMPLEMENTATIONS = YES;
				CLANG_WARN_DIRECT_OBJC_ISA_USAGE = YES_ERROR;
				CLANG_WARN_DOCUMENTATION_COMMENTS = YES;
				CLANG_WARN_EMPTY_BODY = YES;
				CLANG_WARN_ENUM_CONVERSION = YES;
				CLANG_WARN_INFINITE_RECURSION = YES;
				CLANG_WARN_INT_CONVERSION = YES;
				CLANG_WARN_NON_LITERAL_NULL_CONVERSION = YES;
				CLANG_WARN_OBJC_IMPLICIT_RETAIN_SELF = YES;
				CLANG_WARN_OBJC_LITERAL_CONVERSION = YES;
				CLANG_WARN_OBJC_ROOT_CLASS = YES_ERROR;
				CLANG_WARN_QUOTED_INCLUDE_IN_FRAMEWORK_HEADER = YES;
				CLANG_WARN_RANGE_LOOP_ANALYSIS = YES;
				CLANG_WARN_STRICT_PROTOTYPES = YES;
				CLANG_WARN_SUSPICIOUS_MOVE = YES;
				CLANG_WARN_UNGUARDED_AVAILABILITY = YES_AGGRESSIVE;
				CLANG_WARN_UNREACHABLE_CODE = YES;
				CLANG_WARN__DUPLICATE_METHOD_MATCH = YES;
				COPY_PHASE_STRIP = NO;
				DEBUG_INFORMATION_FORMAT = dwarf;
				ENABLE_STRICT_OBJC_MSGSEND = YES;
				ENABLE_TESTABILITY = YES;
				ENABLE_USER_SCRIPT_SANDBOXING = YES;
				GCC_C_LANGUAGE_STANDARD = gnu17;
				GCC_DYNAMIC_NO_PIC = NO;
				GCC_NO_COMMON_BLOCKS = YES;
				GCC_OPTIMIZATION_LEVEL = 0;
				GCC_PREPROCESSOR_DEFINITIONS = (
					"DEBUG=1",
					"$(inherited)",
				);
				GCC_WARN_64_TO_32_BIT_CONVERSION = YES;
				GCC_WARN_ABOUT_RETURN_TYPE = YES_ERROR;
				GCC_WARN_UNDECLARED_SELECTOR = YES;
				GCC_WARN_UNINITIALIZED_AUTOS = YES_AGGRESSIVE;
				GCC_WARN_UNUSED_FUNCTION = YES;
				GCC_WARN_UNUSED_VARIABLE = YES;
				IPHONEOS_DEPLOYMENT_TARGET = 17.2;
				LOCALIZATION_PREFERS_STRING_CATALOGS = YES;
				MTL_ENABLE_DEBUG_INFO = INCLUDE_SOURCE;
				MTL_FAST_MATH = YES;
				ONLY_ACTIVE_ARCH = YES;
				SDKROOT = iphoneos;
				SWIFT_ACTIVE_COMPILATION_CONDITIONS = "DEBUG $(inherited)";
				SWIFT_OPTIMIZATION_LEVEL = "-Onone";
			};
			name = Debug;
		};
		5D600D1A2CD036A80068F75F /* Release */ = {
			isa = XCBuildConfiguration;
			buildSettings = {
				ALWAYS_SEARCH_USER_PATHS = NO;
				ASSETCATALOG_COMPILER_GENERATE_SWIFT_ASSET_SYMBOL_EXTENSIONS = YES;
				CLANG_ANALYZER_NONNULL = YES;
				CLANG_ANALYZER_NUMBER_OBJECT_CONVERSION = YES_AGGRESSIVE;
				CLANG_CXX_LANGUAGE_STANDARD = "gnu++20";
				CLANG_ENABLE_MODULES = YES;
				CLANG_ENABLE_OBJC_ARC = YES;
				CLANG_ENABLE_OBJC_WEAK = YES;
				CLANG_WARN_BLOCK_CAPTURE_AUTORELEASING = YES;
				CLANG_WARN_BOOL_CONVERSION = YES;
				CLANG_WARN_COMMA = YES;
				CLANG_WARN_CONSTANT_CONVERSION = YES;
				CLANG_WARN_DEPRECATED_OBJC_IMPLEMENTATIONS = YES;
				CLANG_WARN_DIRECT_OBJC_ISA_USAGE = YES_ERROR;
				CLANG_WARN_DOCUMENTATION_COMMENTS = YES;
				CLANG_WARN_EMPTY_BODY = YES;
				CLANG_WARN_ENUM_CONVERSION = YES;
				CLANG_WARN_INFINITE_RECURSION = YES;
				CLANG_WARN_INT_CONVERSION = YES;
				CLANG_WARN_NON_LITERAL_NULL_CONVERSION = YES;
				CLANG_WARN_OBJC_IMPLICIT_RETAIN_SELF = YES;
				CLANG_WARN_OBJC_LITERAL_CONVERSION = YES;
				CLANG_WARN_OBJC_ROOT_CLASS = YES_ERROR;
				CLANG_WARN_QUOTED_INCLUDE_IN_FRAMEWORK_HEADER = YES;
				CLANG_WARN_RANGE_LOOP_ANALYSIS = YES;
				CLANG_WARN_STRICT_PROTOTYPES = YES;
				CLANG_WARN_SUSPICIOUS_MOVE = YES;
				CLANG_WARN_UNGUARDED_AVAILABILITY = YES_AGGRESSIVE;
				CLANG_WARN_UNREACHABLE_CODE = YES;
				CLANG_WARN__DUPLICATE_METHOD_MATCH = YES;
				COPY_PHASE_STRIP = NO;
				DEBUG_INFORMATION_FORMAT = "dwarf-with-dsym";
				ENABLE_NS_ASSERTIONS = NO;
				ENABLE_STRICT_OBJC_MSGSEND = YES;
				ENABLE_USER_SCRIPT_SANDBOXING = YES;
				GCC_C_LANGUAGE_STANDARD = gnu17;
				GCC_NO_COMMON_BLOCKS = YES;
				GCC_WARN_64_TO_32_BIT_CONVERSION = YES;
				GCC_WARN_ABOUT_RETURN_TYPE = YES_ERROR;
				GCC_WARN_UNDECLARED_SELECTOR = YES;
				GCC_WARN_UNINITIALIZED_AUTOS = YES_AGGRESSIVE;
				GCC_WARN_UNUSED_FUNCTION = YES;
				GCC_WARN_UNUSED_VARIABLE = YES;
				IPHONEOS_DEPLOYMENT_TARGET = 17.2;
				LOCALIZATION_PREFERS_STRING_CATALOGS = YES;
				MTL_ENABLE_DEBUG_INFO = NO;
				MTL_FAST_MATH = YES;
				SDKROOT = iphoneos;
				SWIFT_COMPILATION_MODE = wholemodule;
				VALIDATE_PRODUCT = YES;
			};
			name = Release;
		};
		5D600D1C2CD036A80068F75F /* Debug */ = {
			isa = XCBuildConfiguration;
			buildSettings = {
				ASSETCATALOG_COMPILER_APPICON_NAME = AppIcon;
				ASSETCATALOG_COMPILER_GLOBAL_ACCENT_COLOR_NAME = AccentColor;
				CODE_SIGN_STYLE = Automatic;
				CURRENT_PROJECT_VERSION = 1;
				DEVELOPMENT_ASSET_PATHS = "\"Ribbit/Preview Content\"";
				DEVELOPMENT_TEAM = M9H56SZYZG;
				ENABLE_PREVIEWS = YES;
				GENERATE_INFOPLIST_FILE = YES;
				INFOPLIST_KEY_NSMicrophoneUsageDescription = "Ribbit requires that you have your microhphone turned on";
				INFOPLIST_KEY_UIApplicationSceneManifest_Generation = YES;
				INFOPLIST_KEY_UIApplicationSupportsIndirectInputEvents = YES;
				INFOPLIST_KEY_UILaunchScreen_Generation = YES;
				INFOPLIST_KEY_UISupportedInterfaceOrientations_iPad = "UIInterfaceOrientationPortrait UIInterfaceOrientationPortraitUpsideDown UIInterfaceOrientationLandscapeLeft UIInterfaceOrientationLandscapeRight";
				INFOPLIST_KEY_UISupportedInterfaceOrientations_iPhone = "UIInterfaceOrientationPortrait UIInterfaceOrientationLandscapeLeft UIInterfaceOrientationLandscapeRight";
				LD_RUNPATH_SEARCH_PATHS = (
					"$(inherited)",
					"@executable_path/Frameworks",
				);
				MARKETING_VERSION = 1.0;
				PRODUCT_BUNDLE_IDENTIFIER = "com.example.Ribbit-443";
				PRODUCT_NAME = "$(TARGET_NAME)";
				SWIFT_EMIT_LOC_STRINGS = YES;
				SWIFT_VERSION = 5.0;
				TARGETED_DEVICE_FAMILY = "1,2";
			};
			name = Debug;
		};
		5D600D1D2CD036A80068F75F /* Release */ = {
			isa = XCBuildConfiguration;
			buildSettings = {
				ASSETCATALOG_COMPILER_APPICON_NAME = AppIcon;
				ASSETCATALOG_COMPILER_GLOBAL_ACCENT_COLOR_NAME = AccentColor;
				CODE_SIGN_STYLE = Automatic;
				CURRENT_PROJECT_VERSION = 1;
				DEVELOPMENT_ASSET_PATHS = "\"Ribbit/Preview Content\"";
				DEVELOPMENT_TEAM = M9H56SZYZG;
				ENABLE_PREVIEWS = YES;
				GENERATE_INFOPLIST_FILE = YES;
				INFOPLIST_KEY_NSMicrophoneUsageDescription = "Ribbit requires that you have your microhphone turned on";
				INFOPLIST_KEY_UIApplicationSceneManifest_Generation = YES;
				INFOPLIST_KEY_UIApplicationSupportsIndirectInputEvents = YES;
				INFOPLIST_KEY_UILaunchScreen_Generation = YES;
				INFOPLIST_KEY_UISupportedInterfaceOrientations_iPad = "UIInterfaceOrientationPortrait UIInterfaceOrientationPortraitUpsideDown UIInterfaceOrientationLandscapeLeft UIInterfaceOrientationLandscapeRight";
				INFOPLIST_KEY_UISupportedInterfaceOrientations_iPhone = "UIInterfaceOrientationPortrait UIInterfaceOrientationLandscapeLeft UIInterfaceOrientationLandscapeRight";
				LD_RUNPATH_SEARCH_PATHS = (
					"$(inherited)",
					"@executable_path/Frameworks",
				);
				MARKETING_VERSION = 1.0;
				PRODUCT_BUNDLE_IDENTIFIER = "com.example.Ribbit-443";
				PRODUCT_NAME = "$(TARGET_NAME)";
				SWIFT_EMIT_LOC_STRINGS = YES;
				SWIFT_VERSION = 5.0;
				TARGETED_DEVICE_FAMILY = "1,2";
			};
			name = Release;
		};
		5D600D1F2CD036A80068F75F /* Debug */ = {
			isa = XCBuildConfiguration;
			buildSettings = {
				ALWAYS_EMBED_SWIFT_STANDARD_LIBRARIES = YES;
				BUNDLE_LOADER = "$(TEST_HOST)";
				CODE_SIGN_STYLE = Automatic;
				CURRENT_PROJECT_VERSION = 1;
				DEVELOPMENT_TEAM = M9H56SZYZG;
				GENERATE_INFOPLIST_FILE = YES;
				IPHONEOS_DEPLOYMENT_TARGET = 17.2;
				MARKETING_VERSION = 1.0;
				PRODUCT_BUNDLE_IDENTIFIER = com.example.RibbitTests;
				PRODUCT_NAME = "$(TARGET_NAME)";
				SWIFT_EMIT_LOC_STRINGS = NO;
				SWIFT_VERSION = 5.0;
				TARGETED_DEVICE_FAMILY = "1,2";
				TEST_HOST = "$(BUILT_PRODUCTS_DIR)/Ribbit.app/$(BUNDLE_EXECUTABLE_FOLDER_PATH)/Ribbit";
			};
			name = Debug;
		};
		5D600D202CD036A80068F75F /* Release */ = {
			isa = XCBuildConfiguration;
			buildSettings = {
				ALWAYS_EMBED_SWIFT_STANDARD_LIBRARIES = YES;
				BUNDLE_LOADER = "$(TEST_HOST)";
				CODE_SIGN_STYLE = Automatic;
				CURRENT_PROJECT_VERSION = 1;
				DEVELOPMENT_TEAM = M9H56SZYZG;
				GENERATE_INFOPLIST_FILE = YES;
				IPHONEOS_DEPLOYMENT_TARGET = 17.2;
				MARKETING_VERSION = 1.0;
				PRODUCT_BUNDLE_IDENTIFIER = com.example.RibbitTests;
				PRODUCT_NAME = "$(TARGET_NAME)";
				SWIFT_EMIT_LOC_STRINGS = NO;
				SWIFT_VERSION = 5.0;
				TARGETED_DEVICE_FAMILY = "1,2";
				TEST_HOST = "$(BUILT_PRODUCTS_DIR)/Ribbit.app/$(BUNDLE_EXECUTABLE_FOLDER_PATH)/Ribbit";
			};
			name = Release;
		};
		5D600D222CD036A80068F75F /* Debug */ = {
			isa = XCBuildConfiguration;
			buildSettings = {
				ALWAYS_EMBED_SWIFT_STANDARD_LIBRARIES = YES;
				CODE_SIGN_STYLE = Automatic;
				CURRENT_PROJECT_VERSION = 1;
				DEVELOPMENT_TEAM = M9H56SZYZG;
				GENERATE_INFOPLIST_FILE = YES;
				MARKETING_VERSION = 1.0;
				PRODUCT_BUNDLE_IDENTIFIER = com.example.RibbitUITests;
				PRODUCT_NAME = "$(TARGET_NAME)";
				SWIFT_EMIT_LOC_STRINGS = NO;
				SWIFT_VERSION = 5.0;
				TARGETED_DEVICE_FAMILY = "1,2";
				TEST_TARGET_NAME = Ribbit;
			};
			name = Debug;
		};
		5D600D232CD036A80068F75F /* Release */ = {
			isa = XCBuildConfiguration;
			buildSettings = {
				ALWAYS_EMBED_SWIFT_STANDARD_LIBRARIES = YES;
				CODE_SIGN_STYLE = Automatic;
				CURRENT_PROJECT_VERSION = 1;
				DEVELOPMENT_TEAM = M9H56SZYZG;
				GENERATE_INFOPLIST_FILE = YES;
				MARKETING_VERSION = 1.0;
				PRODUCT_BUNDLE_IDENTIFIER = com.example.RibbitUITests;
				PRODUCT_NAME = "$(TARGET_NAME)";
				SWIFT_EMIT_LOC_STRINGS = NO;
				SWIFT_VERSION = 5.0;
				TARGETED_DEVICE_FAMILY = "1,2";
				TEST_TARGET_NAME = Ribbit;
			};
			name = Release;
		};
/* End XCBuildConfiguration section */

/* Begin XCConfigurationList section */
		5D600CF22CD036A50068F75F /* Build configuration list for PBXProject "Ribbit" */ = {
			isa = XCConfigurationList;
			buildConfigurations = (
				5D600D192CD036A80068F75F /* Debug */,
				5D600D1A2CD036A80068F75F /* Release */,
			);
			defaultConfigurationIsVisible = 0;
			defaultConfigurationName = Release;
		};
		5D600D1B2CD036A80068F75F /* Build configuration list for PBXNativeTarget "Ribbit" */ = {
			isa = XCConfigurationList;
			buildConfigurations = (
				5D600D1C2CD036A80068F75F /* Debug */,
				5D600D1D2CD036A80068F75F /* Release */,
			);
			defaultConfigurationIsVisible = 0;
			defaultConfigurationName = Release;
		};
		5D600D1E2CD036A80068F75F /* Build configuration list for PBXNativeTarget "RibbitTests" */ = {
			isa = XCConfigurationList;
			buildConfigurations = (
				5D600D1F2CD036A80068F75F /* Debug */,
				5D600D202CD036A80068F75F /* Release */,
			);
			defaultConfigurationIsVisible = 0;
			defaultConfigurationName = Release;
		};
		5D600D212CD036A80068F75F /* Build configuration list for PBXNativeTarget "RibbitUITests" */ = {
			isa = XCConfigurationList;
			buildConfigurations = (
				5D600D222CD036A80068F75F /* Debug */,
				5D600D232CD036A80068F75F /* Release */,
			);
			defaultConfigurationIsVisible = 0;
			defaultConfigurationName = Release;
		};
/* End XCConfigurationList section */

/* Begin XCRemoteSwiftPackageReference section */
		A76F46A42CD03DB400182ABE /* XCRemoteSwiftPackageReference "firebase-ios-sdk" */ = {
			isa = XCRemoteSwiftPackageReference;
			repositoryURL = "https://github.com/firebase/firebase-ios-sdk.git";
			requirement = {
				kind = upToNextMajorVersion;
				minimumVersion = 11.4.0;
			};
		};
/* End XCRemoteSwiftPackageReference section */

/* Begin XCSwiftPackageProductDependency section */
		A76F46A62CD03DD300182ABE /* FirebaseFirestore */ = {
			isa = XCSwiftPackageProductDependency;
			package = A76F46A42CD03DB400182ABE /* XCRemoteSwiftPackageReference "firebase-ios-sdk" */;
			productName = FirebaseFirestore;
		};
		A76F46A82CD03DD700182ABE /* FirebaseCore */ = {
			isa = XCSwiftPackageProductDependency;
			package = A76F46A42CD03DB400182ABE /* XCRemoteSwiftPackageReference "firebase-ios-sdk" */;
			productName = FirebaseCore;
		};
		CB72A46F2CDC3D6100644FB9 /* FirebaseStorage */ = {
			isa = XCSwiftPackageProductDependency;
			package = A76F46A42CD03DB400182ABE /* XCRemoteSwiftPackageReference "firebase-ios-sdk" */;
			productName = FirebaseStorage;
		};
/* End XCSwiftPackageProductDependency section */
	};
	rootObject = 5D600CEF2CD036A50068F75F /* Project object */;
}
